
Microsoft Visual Studio Solution File, Format Version 12.00
# Visual Studio Version 17
VisualStudioVersion = 17.4.33205.214
MinimumVisualStudioVersion = 10.0.40219.1
Project("{FAE04EC0-301F-11D3-BF4B-00C04F79EFBC}") = "AngularEcommerce", "AngularEcommerce\AngularEcommerce.csproj", "{2E784298-7766-4271-BB7E-9B4689097F44}"
EndProject
Global
	GlobalSection(SolutionConfigurationPlatforms) = preSolution
		Debug|Any CPU = Debug|Any CPU
		Release|Any CPU = Release|Any CPU
	EndGlobalSection
	GlobalSection(ProjectConfigurationPlatforms) = postSolution
		{2E784298-7766-4271-BB7E-9B4689097F44}.Debug|Any CPU.ActiveCfg = Debug|Any CPU
		{2E784298-7766-4271-BB7E-9B4689097F44}.Debug|Any CPU.Build.0 = Debug|Any CPU
		{2E784298-7766-4271-BB7E-9B4689097F44}.Release|Any CPU.ActiveCfg = Release|Any CPU
		{2E784298-7766-4271-BB7E-9B4689097F44}.Release|Any CPU.Build.0 = Release|Any CPU
	EndGlobalSection
	GlobalSection(SolutionProperties) = preSolution
		HideSolutionNode = FALSE
	EndGlobalSection
	GlobalSection(ExtensibilityGlobals) = postSolution
		SolutionGuid = {BC1E8899-E5A3-4642-B94F-864CABA7EF00}
	EndGlobalSection
EndGlobal
